<?xml version="1.0" encoding="utf-8"?>
<Project ToolsVersion="4.0" xmlns="http://schemas.microsoft.com/developer/msbuild/2003">
  <ItemGroup>
    <ClCompile Include="main.cpp" />
    <ClCompile Include="stdafx.cpp" />
    <ClCompile Include="Application.cpp">
      <Filter>Engine\App</Filter>
    </ClCompile>
    <ClCompile Include="Log.cpp">
      <Filter>Engine\Debug</Filter>
    </ClCompile>
    <ClCompile Include="Utility.cpp">
      <Filter>Engine\Utility</Filter>
    </ClCompile>
    <ClCompile Include="Timer.cpp">
      <Filter>Engine\Utility</Filter>
    </ClCompile>
    <ClCompile Include="Cursor.cpp">
      <Filter>Engine\Utility</Filter>
    </ClCompile>
    <ClCompile Include="Input.cpp">
      <Filter>Engine\App\Input</Filter>
    </ClCompile>
    <ClCompile Include="Window.cpp">
      <Filter>Engine\App\window</Filter>
    </ClCompile>
    <ClCompile Include="SdlSurface.cpp">
      <Filter>Engine\Utility</Filter>
    </ClCompile>
    <ClCompile Include="Font.cpp">
      <Filter>Engine\Render</Filter>
    </ClCompile>
    <ClCompile Include="Renderer.cpp">
      <Filter>Engine\Render</Filter>
    </ClCompile>
    <ClCompile Include="Texture.cpp">
      <Filter>Engine\Render</Filter>
    </ClCompile>
    <ClCompile Include="Sound.cpp">
      <Filter>Engine\Audio</Filter>
    </ClCompile>
    <ClCompile Include="Game.cpp" />
  </ItemGroup>
  <ItemGroup>
    <ClInclude Include="stdafx.h" />
    <ClInclude Include="NonCopyable.h">
      <Filter>Engine\Base</Filter>
    </ClInclude>
    <ClInclude Include="Module.h">
      <Filter>Engine\Base</Filter>
    </ClInclude>
    <ClInclude Include="AppConfig.h">
      <Filter>Engine\App</Filter>
    </ClInclude>
    <ClInclude Include="Application.h">
      <Filter>Engine\App</Filter>
    </ClInclude>
    <ClInclude Include="Log.h">
      <Filter>Engine\Debug</Filter>
    </ClInclude>
    <ClInclude Include="Profile.h">
      <Filter>Engine\Debug</Filter>
    </ClInclude>
    <ClInclude Include="Utility.h">
      <Filter>Engine\Utility</Filter>
    </ClInclude>
    <ClInclude Include="Timer.h">
      <Filter>Engine\Utility</Filter>
    </ClInclude>
    <ClInclude Include="Cursor.h">
      <Filter>Engine\Utility</Filter>
    </ClInclude>
    <ClInclude Include="CoreInput.h">
      <Filter>Engine\App\Input</Filter>
    </ClInclude>
    <ClInclude Include="Input.h">
      <Filter>Engine\App\Input</Filter>
    </ClInclude>
    <ClInclude Include="Vector2d.h">
      <Filter>Engine\math</Filter>
    </ClInclude>
    <ClInclude Include="Window.h">
      <Filter>Engine\App\window</Filter>
    </ClInclude>
    <ClInclude Include="Color.h">
      <Filter>Engine\math</Filter>
    </ClInclude>
    <ClInclude Include="SdlSurface.h">
      <Filter>Engine\Utility</Filter>
    </ClInclude>
    <ClInclude Include="Font.h">
      <Filter>Engine\Render</Filter>
    </ClInclude>
    <ClInclude Include="Renderer.h">
      <Filter>Engine\Render</Filter>
    </ClInclude>
    <ClInclude Include="Texture.h">
      <Filter>Engine\Render</Filter>
    </ClInclude>
    <ClInclude Include="Rect.h">
      <Filter>Engine\math</Filter>
    </ClInclude>
    <ClInclude Include="Sound.h">
      <Filter>Engine\Audio</Filter>
    </ClInclude>
    <ClInclude Include="Game.h" />
  </ItemGroup>
  <ItemGroup>
    <Filter Include="Engine">
      <UniqueIdentifier>{28eb9655-6d0a-4243-aa4d-1732f9baf82f}</UniqueIdentifier>
    </Filter>
    <Filter Include="Game">
      <UniqueIdentifier>{7753563f-a302-4021-be90-c859d056b6e9}</UniqueIdentifier>
    </Filter>
    <Filter Include="Engine\Base">
      <UniqueIdentifier>{6889ef27-67d0-40d5-91ae-4e89e7ffdc08}</UniqueIdentifier>
    </Filter>
    <Filter Include="Engine\App">
      <UniqueIdentifier>{5f864165-feeb-418a-85bc-aba595608a44}</UniqueIdentifier>
    </Filter>
    <Filter Include="Engine\Debug">
      <UniqueIdentifier>{498760d8-2816-4e0c-892a-38aa6d55fe5c}</UniqueIdentifier>
    </Filter>
    <Filter Include="Engine\Utility">
      <UniqueIdentifier>{2a987654-55b0-4c2a-955d-13c141537cae}</UniqueIdentifier>
    </Filter>
    <Filter Include="Engine\math">
      <UniqueIdentifier>{168777cd-51c1-4f04-9745-059b8c970387}</UniqueIdentifier>
    </Filter>
    <Filter Include="Engine\App\Input">
      <UniqueIdentifier>{07509324-af95-41bb-a323-8fc89b0f875a}</UniqueIdentifier>
    </Filter>
    <Filter Include="Engine\App\window">
      <UniqueIdentifier>{8dc22914-160d-442a-8565-9b9853bbb8b0}</UniqueIdentifier>
    </Filter>
    <Filter Include="Engine\Render">
      <UniqueIdentifier>{8b85fdd1-4db7-4ac9-aa25-6494a58f591d}</UniqueIdentifier>
    </Filter>
    <Filter Include="Engine\Audio">
      <UniqueIdentifier>{56717443-7450-455c-8789-fdec0785e84d}</UniqueIdentifier>
    </Filter>
  </ItemGroup>
</Project>