<?xml version="1.0" encoding="utf-8"?>
<Project ToolsVersion="4.0" xmlns="http://schemas.microsoft.com/developer/msbuild/2003">
  <ItemGroup>
    <ClCompile Include="main.cpp" />
    <ClCompile Include="stdafx.cpp" />
    <ClCompile Include="Application.cpp">
      <Filter>Engine\App</Filter>
    </ClCompile>
    <ClCompile Include="Log.cpp">
      <Filter>Engine\Core\Debug</Filter>
    </ClCompile>
    <ClCompile Include="Utility.cpp">
      <Filter>Engine\Core\Utility</Filter>
    </ClCompile>
    <ClCompile Include="Timer.cpp">
      <Filter>Engine\Core\Utility</Filter>
    </ClCompile>
    <ClCompile Include="Input.cpp">
      <Filter>Engine\App\Input</Filter>
    </ClCompile>
    <ClCompile Include="Window.cpp">
      <Filter>Engine\App\window</Filter>
    </ClCompile>
    <ClCompile Include="Font.cpp">
      <Filter>Engine\Render</Filter>
    </ClCompile>
    <ClCompile Include="Renderer.cpp">
      <Filter>Engine\Render</Filter>
    </ClCompile>
    <ClCompile Include="Texture.cpp">
      <Filter>Engine\Render</Filter>
    </ClCompile>
    <ClCompile Include="Sound.cpp">
      <Filter>Engine\Audio</Filter>
    </ClCompile>
    <ClCompile Include="Game.cpp" />
    <ClCompile Include="SDLApp.cpp">
      <Filter>Engine\App</Filter>
    </ClCompile>
    <ClCompile Include="Exception.cpp">
      <Filter>Engine\Core\Debug</Filter>
    </ClCompile>
    <ClCompile Include="Point.cpp">
      <Filter>Engine\Core\math</Filter>
    </ClCompile>
    <ClCompile Include="Rect.cpp">
      <Filter>Engine\Core\math</Filter>
    </ClCompile>
    <ClCompile Include="Text.cpp">
      <Filter>Engine\Graphics</Filter>
    </ClCompile>
    <ClCompile Include="TextureManager.cpp">
      <Filter>Engine\Render</Filter>
    </ClCompile>
    <ClCompile Include="AnimationSprite.cpp">
      <Filter>Engine\Graphics</Filter>
    </ClCompile>
    <ClCompile Include="Sprite.cpp">
      <Filter>Engine\Graphics</Filter>
    </ClCompile>
    <ClCompile Include="Camera.cpp">
      <Filter>Game\Scene</Filter>
    </ClCompile>
    <ClCompile Include="Player.cpp">
      <Filter>Game\Player</Filter>
    </ClCompile>
    <ClCompile Include="TowerScene.cpp">
      <Filter>GameScene\GameMode</Filter>
    </ClCompile>
    <ClCompile Include="Global.cpp" />
  </ItemGroup>
  <ItemGroup>
    <ClInclude Include="stdafx.h" />
    <ClInclude Include="NonCopyable.h">
      <Filter>Engine\Core\Base</Filter>
    </ClInclude>
    <ClInclude Include="Module.h">
      <Filter>Engine\Core\Base</Filter>
    </ClInclude>
    <ClInclude Include="AppConfig.h">
      <Filter>Engine\App</Filter>
    </ClInclude>
    <ClInclude Include="Application.h">
      <Filter>Engine\App</Filter>
    </ClInclude>
    <ClInclude Include="Log.h">
      <Filter>Engine\Core\Debug</Filter>
    </ClInclude>
    <ClInclude Include="Profile.h">
      <Filter>Engine\Core\Debug</Filter>
    </ClInclude>
    <ClInclude Include="Utility.h">
      <Filter>Engine\Core\Utility</Filter>
    </ClInclude>
    <ClInclude Include="Timer.h">
      <Filter>Engine\Core\Utility</Filter>
    </ClInclude>
    <ClInclude Include="CoreInput.h">
      <Filter>Engine\App\Input</Filter>
    </ClInclude>
    <ClInclude Include="Input.h">
      <Filter>Engine\App\Input</Filter>
    </ClInclude>
    <ClInclude Include="Window.h">
      <Filter>Engine\App\window</Filter>
    </ClInclude>
    <ClInclude Include="Color.h">
      <Filter>Engine\Core\math</Filter>
    </ClInclude>
    <ClInclude Include="Font.h">
      <Filter>Engine\Render</Filter>
    </ClInclude>
    <ClInclude Include="Renderer.h">
      <Filter>Engine\Render</Filter>
    </ClInclude>
    <ClInclude Include="Texture.h">
      <Filter>Engine\Render</Filter>
    </ClInclude>
    <ClInclude Include="Rect.h">
      <Filter>Engine\Core\math</Filter>
    </ClInclude>
    <ClInclude Include="Sound.h">
      <Filter>Engine\Audio</Filter>
    </ClInclude>
    <ClInclude Include="Game.h" />
    <ClInclude Include="SDLApp.h">
      <Filter>Engine\App</Filter>
    </ClInclude>
    <ClInclude Include="Exception.h">
      <Filter>Engine\Core\Debug</Filter>
    </ClInclude>
    <ClInclude Include="Point.h">
      <Filter>Engine\Core\math</Filter>
    </ClInclude>
    <ClInclude Include="Optional.h">
      <Filter>Engine\Core\Utility</Filter>
    </ClInclude>
    <ClInclude Include="Text.h">
      <Filter>Engine\Graphics</Filter>
    </ClInclude>
    <ClInclude Include="TextureManager.h">
      <Filter>Engine\Render</Filter>
    </ClInclude>
    <ClInclude Include="TextureRef.h">
      <Filter>Engine\Render</Filter>
    </ClInclude>
    <ClInclude Include="AnimationSprite.h">
      <Filter>Engine\Graphics</Filter>
    </ClInclude>
    <ClInclude Include="Sprite.h">
      <Filter>Engine\Graphics</Filter>
    </ClInclude>
    <ClInclude Include="Camera.h">
      <Filter>Game\Scene</Filter>
    </ClInclude>
    <ClInclude Include="Player.h">
      <Filter>Game\Player</Filter>
    </ClInclude>
    <ClInclude Include="CoreGame.h">
      <Filter>Game\Core</Filter>
    </ClInclude>
    <ClInclude Include="IScene.h">
      <Filter>GameScene</Filter>
    </ClInclude>
    <ClInclude Include="TowerScene.h">
      <Filter>GameScene\GameMode</Filter>
    </ClInclude>
    <ClInclude Include="Global.h" />
  </ItemGroup>
  <ItemGroup>
    <Filter Include="Engine">
      <UniqueIdentifier>{28eb9655-6d0a-4243-aa4d-1732f9baf82f}</UniqueIdentifier>
    </Filter>
    <Filter Include="Game">
      <UniqueIdentifier>{7753563f-a302-4021-be90-c859d056b6e9}</UniqueIdentifier>
    </Filter>
    <Filter Include="Engine\App">
      <UniqueIdentifier>{5f864165-feeb-418a-85bc-aba595608a44}</UniqueIdentifier>
    </Filter>
    <Filter Include="Engine\App\Input">
      <UniqueIdentifier>{07509324-af95-41bb-a323-8fc89b0f875a}</UniqueIdentifier>
    </Filter>
    <Filter Include="Engine\App\window">
      <UniqueIdentifier>{8dc22914-160d-442a-8565-9b9853bbb8b0}</UniqueIdentifier>
    </Filter>
    <Filter Include="Engine\Render">
      <UniqueIdentifier>{8b85fdd1-4db7-4ac9-aa25-6494a58f591d}</UniqueIdentifier>
    </Filter>
    <Filter Include="Engine\Audio">
      <UniqueIdentifier>{56717443-7450-455c-8789-fdec0785e84d}</UniqueIdentifier>
    </Filter>
    <Filter Include="Engine\Graphics">
      <UniqueIdentifier>{584f9b99-0d39-48a3-b3ed-c166b358c53e}</UniqueIdentifier>
    </Filter>
    <Filter Include="Engine\Core">
      <UniqueIdentifier>{cfea2e4b-c6c6-4861-bd31-7a2460cb668f}</UniqueIdentifier>
    </Filter>
    <Filter Include="Engine\Core\Utility">
      <UniqueIdentifier>{2a987654-55b0-4c2a-955d-13c141537cae}</UniqueIdentifier>
    </Filter>
    <Filter Include="Engine\Core\Debug">
      <UniqueIdentifier>{498760d8-2816-4e0c-892a-38aa6d55fe5c}</UniqueIdentifier>
    </Filter>
    <Filter Include="Engine\Core\Base">
      <UniqueIdentifier>{6889ef27-67d0-40d5-91ae-4e89e7ffdc08}</UniqueIdentifier>
    </Filter>
    <Filter Include="Engine\Core\math">
      <UniqueIdentifier>{168777cd-51c1-4f04-9745-059b8c970387}</UniqueIdentifier>
    </Filter>
    <Filter Include="Game\Scene">
      <UniqueIdentifier>{80df2063-4143-4683-a0ed-95364646d09e}</UniqueIdentifier>
    </Filter>
    <Filter Include="Game\Player">
      <UniqueIdentifier>{06ec92ea-43dd-42ea-9d02-9c9634d58a05}</UniqueIdentifier>
    </Filter>
    <Filter Include="Game\Core">
      <UniqueIdentifier>{d9ac746b-f10b-44f9-94d6-0884877eec3c}</UniqueIdentifier>
    </Filter>
    <Filter Include="Game\Map">
      <UniqueIdentifier>{074b1639-695b-4351-b5e8-9b8ad4fbff4d}</UniqueIdentifier>
    </Filter>
    <Filter Include="GameScene">
      <UniqueIdentifier>{d7a49176-b752-44de-97d8-ca17c3f0a071}</UniqueIdentifier>
    </Filter>
    <Filter Include="GameScene\MainMenu">
      <UniqueIdentifier>{13348598-87b8-42d1-bcca-a711df75862e}</UniqueIdentifier>
    </Filter>
    <Filter Include="GameScene\GameMode">
      <UniqueIdentifier>{c26b8184-572f-4c68-af6d-fca9a5e2e5e1}</UniqueIdentifier>
    </Filter>
  </ItemGroup>
</Project>